
Microsoft Visual Studio Solution File, Format Version 12.00
# Visual Studio Version 16
VisualStudioVersion = 16.0.29111.141
MinimumVisualStudioVersion = 10.0.40219.1
Project("{FAE04EC0-301F-11D3-BF4B-00C04F79EFBC}") = "Kata.DuplicateEncoder.Tests2", "Kata.DuplicateEncoder.Tests2.csproj", "{83D6DA4C-BB16-441F-9B5B-65C5BBFF2E3A}"
EndProject
Global
	GlobalSection(SolutionConfigurationPlatforms) = preSolution
		Debug|Any CPU = Debug|Any CPU
		Release|Any CPU = Release|Any CPU
	EndGlobalSection
	GlobalSection(ProjectConfigurationPlatforms) = postSolution
		{83D6DA4C-BB16-441F-9B5B-65C5BBFF2E3A}.Debug|Any CPU.ActiveCfg = Debug|Any CPU
		{83D6DA4C-BB16-441F-9B5B-65C5BBFF2E3A}.Debug|Any CPU.Build.0 = Debug|Any CPU
		{83D6DA4C-BB16-441F-9B5B-65C5BBFF2E3A}.Release|Any CPU.ActiveCfg = Release|Any CPU
		{83D6DA4C-BB16-441F-9B5B-65C5BBFF2E3A}.Release|Any CPU.Build.0 = Release|Any CPU
	EndGlobalSection
	GlobalSection(SolutionProperties) = preSolution
		HideSolutionNode = FALSE
	EndGlobalSection
	GlobalSection(ExtensibilityGlobals) = postSolution
		SolutionGuid = {073949A3-573A-42B4-A90B-22050759BE27}
	EndGlobalSection
EndGlobal
