
Microsoft Visual Studio Solution File, Format Version 12.00
# Visual Studio Version 16
VisualStudioVersion = 16.0.29111.141
MinimumVisualStudioVersion = 10.0.40219.1
Project("{FAE04EC0-301F-11D3-BF4B-00C04F79EFBC}") = "Stringy.Tests", "Stringy.Tests\Stringy.Tests.csproj", "{16BE144D-F44E-4C73-AB66-BD07ECB98F10}"
EndProject
Global
	GlobalSection(SolutionConfigurationPlatforms) = preSolution
		Debug|Any CPU = Debug|Any CPU
		Release|Any CPU = Release|Any CPU
	EndGlobalSection
	GlobalSection(ProjectConfigurationPlatforms) = postSolution
		{16BE144D-F44E-4C73-AB66-BD07ECB98F10}.Debug|Any CPU.ActiveCfg = Debug|Any CPU
		{16BE144D-F44E-4C73-AB66-BD07ECB98F10}.Debug|Any CPU.Build.0 = Debug|Any CPU
		{16BE144D-F44E-4C73-AB66-BD07ECB98F10}.Release|Any CPU.ActiveCfg = Release|Any CPU
		{16BE144D-F44E-4C73-AB66-BD07ECB98F10}.Release|Any CPU.Build.0 = Release|Any CPU
	EndGlobalSection
	GlobalSection(SolutionProperties) = preSolution
		HideSolutionNode = FALSE
	EndGlobalSection
	GlobalSection(ExtensibilityGlobals) = postSolution
		SolutionGuid = {2CEF8C2B-744D-476A-82B7-7DF49A569972}
	EndGlobalSection
EndGlobal
